github.com/zatrano/canvas v0.2.0 h1:cy18RY5bRbnNexETVSAtQv1nHPaCvbGm9Bv1FOMeJYA=
github.com/zatrano/canvas v0.2.0/go.mod h1:tdbUa0I95Z7cvu8ZZu+qMGuZw6dwb9hku9VDW5rNCJ0=
github.com/zatrano/rawhttp v0.2.4 h1:X6yuvlqfuF555J/D8wNvZP7wKs7eAHeXz5OdPPnVn6w=
github.com/zatrano/rawhttp v0.2.4/go.mod h1:r6454t8cXYE7n+Qgkci7yCNJDqDhvQWVQDkVGo7YzmU=
